
Microsoft Visual Studio Solution File, Format Version 12.00
# Visual Studio 15
VisualStudioVersion = 15.0.28307.421
MinimumVisualStudioVersion = 10.0.40219.1
Project("{FAE04EC0-301F-11D3-BF4B-00C04F79EFBC}") = "A9", "A9\A9.csproj", "{EDF1742C-244D-40F5-B637-C15B19CA7031}"
EndProject
Project("{FAE04EC0-301F-11D3-BF4B-00C04F79EFBC}") = "A9Tests", "A9Tests\A9Tests.csproj", "{2D3C4109-DEBD-47EA-950A-1FE284D85779}"
EndProject
Global
	GlobalSection(SolutionConfigurationPlatforms) = preSolution
		Debug|Any CPU = Debug|Any CPU
		Release|Any CPU = Release|Any CPU
	EndGlobalSection
	GlobalSection(ProjectConfigurationPlatforms) = postSolution
		{EDF1742C-244D-40F5-B637-C15B19CA7031}.Debug|Any CPU.ActiveCfg = Debug|Any CPU
		{EDF1742C-244D-40F5-B637-C15B19CA7031}.Debug|Any CPU.Build.0 = Debug|Any CPU
		{EDF1742C-244D-40F5-B637-C15B19CA7031}.Release|Any CPU.ActiveCfg = Release|Any CPU
		{EDF1742C-244D-40F5-B637-C15B19CA7031}.Release|Any CPU.Build.0 = Release|Any CPU
		{2D3C4109-DEBD-47EA-950A-1FE284D85779}.Debug|Any CPU.ActiveCfg = Debug|Any CPU
		{2D3C4109-DEBD-47EA-950A-1FE284D85779}.Debug|Any CPU.Build.0 = Debug|Any CPU
		{2D3C4109-DEBD-47EA-950A-1FE284D85779}.Release|Any CPU.ActiveCfg = Release|Any CPU
		{2D3C4109-DEBD-47EA-950A-1FE284D85779}.Release|Any CPU.Build.0 = Release|Any CPU
	EndGlobalSection
	GlobalSection(SolutionProperties) = preSolution
		HideSolutionNode = FALSE
	EndGlobalSection
	GlobalSection(ExtensibilityGlobals) = postSolution
		SolutionGuid = {778A3376-394D-4A13-9CD3-84CAD1731D2C}
	EndGlobalSection
EndGlobal
