
Microsoft Visual Studio Solution File, Format Version 12.00
# Visual Studio 15
VisualStudioVersion = 15.0.28307.421
MinimumVisualStudioVersion = 10.0.40219.1
Project("{FAE04EC0-301F-11D3-BF4B-00C04F79EFBC}") = "A0", "A0\A0.csproj", "{F9A6AD02-141E-40AD-AF15-EF7FF07184EC}"
EndProject
Project("{FAE04EC0-301F-11D3-BF4B-00C04F79EFBC}") = "A0Tests", "A0Tests\A0Tests.csproj", "{EB194331-442E-4712-8F74-D377E5C2ED14}"
EndProject
Global
	GlobalSection(SolutionConfigurationPlatforms) = preSolution
		Debug|Any CPU = Debug|Any CPU
		Release|Any CPU = Release|Any CPU
	EndGlobalSection
	GlobalSection(ProjectConfigurationPlatforms) = postSolution
		{F9A6AD02-141E-40AD-AF15-EF7FF07184EC}.Debug|Any CPU.ActiveCfg = Debug|Any CPU
		{F9A6AD02-141E-40AD-AF15-EF7FF07184EC}.Debug|Any CPU.Build.0 = Debug|Any CPU
		{F9A6AD02-141E-40AD-AF15-EF7FF07184EC}.Release|Any CPU.ActiveCfg = Release|Any CPU
		{F9A6AD02-141E-40AD-AF15-EF7FF07184EC}.Release|Any CPU.Build.0 = Release|Any CPU
		{EB194331-442E-4712-8F74-D377E5C2ED14}.Debug|Any CPU.ActiveCfg = Debug|Any CPU
		{EB194331-442E-4712-8F74-D377E5C2ED14}.Debug|Any CPU.Build.0 = Debug|Any CPU
		{EB194331-442E-4712-8F74-D377E5C2ED14}.Release|Any CPU.ActiveCfg = Release|Any CPU
		{EB194331-442E-4712-8F74-D377E5C2ED14}.Release|Any CPU.Build.0 = Release|Any CPU
	EndGlobalSection
	GlobalSection(SolutionProperties) = preSolution
		HideSolutionNode = FALSE
	EndGlobalSection
	GlobalSection(ExtensibilityGlobals) = postSolution
		SolutionGuid = {9C33BE02-9CA3-4659-B38B-C495F62FBC9F}
	EndGlobalSection
EndGlobal
