
Microsoft Visual Studio Solution File, Format Version 12.00
# Visual Studio 15
VisualStudioVersion = 15.0.28307.421
MinimumVisualStudioVersion = 10.0.40219.1
Project("{FAE04EC0-301F-11D3-BF4B-00C04F79EFBC}") = "A1S2", "A1S2\A1S2.csproj", "{A80422FA-70BE-4E14-A567-A4018908104C}"
EndProject
Global
	GlobalSection(SolutionConfigurationPlatforms) = preSolution
		Debug|Any CPU = Debug|Any CPU
		Release|Any CPU = Release|Any CPU
	EndGlobalSection
	GlobalSection(ProjectConfigurationPlatforms) = postSolution
		{A80422FA-70BE-4E14-A567-A4018908104C}.Debug|Any CPU.ActiveCfg = Debug|Any CPU
		{A80422FA-70BE-4E14-A567-A4018908104C}.Debug|Any CPU.Build.0 = Debug|Any CPU
		{A80422FA-70BE-4E14-A567-A4018908104C}.Release|Any CPU.ActiveCfg = Release|Any CPU
		{A80422FA-70BE-4E14-A567-A4018908104C}.Release|Any CPU.Build.0 = Release|Any CPU
	EndGlobalSection
	GlobalSection(SolutionProperties) = preSolution
		HideSolutionNode = FALSE
	EndGlobalSection
	GlobalSection(ExtensibilityGlobals) = postSolution
		SolutionGuid = {65C90D34-21C2-4EBD-B809-8ABCD81AADE4}
	EndGlobalSection
EndGlobal
