
Microsoft Visual Studio Solution File, Format Version 12.00
# Visual Studio 15
VisualStudioVersion = 15.0.28307.421
MinimumVisualStudioVersion = 10.0.40219.1
Project("{FAE04EC0-301F-11D3-BF4B-00C04F79EFBC}") = "tamrin", "tamrin\tamrin.csproj", "{2B8D5342-10CA-455D-8737-6DB640B8F69B}"
EndProject
Project("{FAE04EC0-301F-11D3-BF4B-00C04F79EFBC}") = "tamrinTests", "tamrinTests\tamrinTests.csproj", "{BA4C9FEF-7850-4E7E-A7AA-89F1241925D8}"
EndProject
Global
	GlobalSection(SolutionConfigurationPlatforms) = preSolution
		Debug|Any CPU = Debug|Any CPU
		Release|Any CPU = Release|Any CPU
	EndGlobalSection
	GlobalSection(ProjectConfigurationPlatforms) = postSolution
		{2B8D5342-10CA-455D-8737-6DB640B8F69B}.Debug|Any CPU.ActiveCfg = Debug|Any CPU
		{2B8D5342-10CA-455D-8737-6DB640B8F69B}.Debug|Any CPU.Build.0 = Debug|Any CPU
		{2B8D5342-10CA-455D-8737-6DB640B8F69B}.Release|Any CPU.ActiveCfg = Release|Any CPU
		{2B8D5342-10CA-455D-8737-6DB640B8F69B}.Release|Any CPU.Build.0 = Release|Any CPU
		{BA4C9FEF-7850-4E7E-A7AA-89F1241925D8}.Debug|Any CPU.ActiveCfg = Debug|Any CPU
		{BA4C9FEF-7850-4E7E-A7AA-89F1241925D8}.Debug|Any CPU.Build.0 = Debug|Any CPU
		{BA4C9FEF-7850-4E7E-A7AA-89F1241925D8}.Release|Any CPU.ActiveCfg = Release|Any CPU
		{BA4C9FEF-7850-4E7E-A7AA-89F1241925D8}.Release|Any CPU.Build.0 = Release|Any CPU
	EndGlobalSection
	GlobalSection(SolutionProperties) = preSolution
		HideSolutionNode = FALSE
	EndGlobalSection
	GlobalSection(ExtensibilityGlobals) = postSolution
		SolutionGuid = {DB271B42-9CFF-463A-8CEC-E48E4EBCB4E5}
	EndGlobalSection
EndGlobal
