
Microsoft Visual Studio Solution File, Format Version 12.00
# Visual Studio 15
VisualStudioVersion = 15.0.28307.421
MinimumVisualStudioVersion = 10.0.40219.1
Project("{FAE04EC0-301F-11D3-BF4B-00C04F79EFBC}") = "E1B", "E1B\E1B.csproj", "{7514E7B0-24B6-4792-A902-D30C1D967231}"
EndProject
Project("{FAE04EC0-301F-11D3-BF4B-00C04F79EFBC}") = "E1BTests", "E1BTests\E1BTests.csproj", "{B2B35845-DDBA-4CA3-AB3C-6FE8E807B394}"
EndProject
Global
	GlobalSection(SolutionConfigurationPlatforms) = preSolution
		Debug|Any CPU = Debug|Any CPU
		Release|Any CPU = Release|Any CPU
	EndGlobalSection
	GlobalSection(ProjectConfigurationPlatforms) = postSolution
		{7514E7B0-24B6-4792-A902-D30C1D967231}.Debug|Any CPU.ActiveCfg = Debug|Any CPU
		{7514E7B0-24B6-4792-A902-D30C1D967231}.Debug|Any CPU.Build.0 = Debug|Any CPU
		{7514E7B0-24B6-4792-A902-D30C1D967231}.Release|Any CPU.ActiveCfg = Release|Any CPU
		{7514E7B0-24B6-4792-A902-D30C1D967231}.Release|Any CPU.Build.0 = Release|Any CPU
		{B2B35845-DDBA-4CA3-AB3C-6FE8E807B394}.Debug|Any CPU.ActiveCfg = Debug|Any CPU
		{B2B35845-DDBA-4CA3-AB3C-6FE8E807B394}.Debug|Any CPU.Build.0 = Debug|Any CPU
		{B2B35845-DDBA-4CA3-AB3C-6FE8E807B394}.Release|Any CPU.ActiveCfg = Release|Any CPU
		{B2B35845-DDBA-4CA3-AB3C-6FE8E807B394}.Release|Any CPU.Build.0 = Release|Any CPU
	EndGlobalSection
	GlobalSection(SolutionProperties) = preSolution
		HideSolutionNode = FALSE
	EndGlobalSection
	GlobalSection(ExtensibilityGlobals) = postSolution
		SolutionGuid = {F20F33A1-FADE-4C11-B9BF-0B0AFD16C815}
	EndGlobalSection
EndGlobal
