
Microsoft Visual Studio Solution File, Format Version 12.00
# Visual Studio 15
VisualStudioVersion = 15.0.28307.421
MinimumVisualStudioVersion = 10.0.40219.1
Project("{FAE04EC0-301F-11D3-BF4B-00C04F79EFBC}") = "A1S1", "A1S1\A1S1.csproj", "{E00AEE2A-4B63-4EE9-903A-B54F54B6D960}"
EndProject
Project("{FAE04EC0-301F-11D3-BF4B-00C04F79EFBC}") = "A1S1Tests", "A1S1Tests\A1S1Tests.csproj", "{A2774674-4BA9-4E87-BF5C-0618DC6C0A0E}"
EndProject
Global
	GlobalSection(SolutionConfigurationPlatforms) = preSolution
		Debug|Any CPU = Debug|Any CPU
		Release|Any CPU = Release|Any CPU
	EndGlobalSection
	GlobalSection(ProjectConfigurationPlatforms) = postSolution
		{E00AEE2A-4B63-4EE9-903A-B54F54B6D960}.Debug|Any CPU.ActiveCfg = Debug|Any CPU
		{E00AEE2A-4B63-4EE9-903A-B54F54B6D960}.Debug|Any CPU.Build.0 = Debug|Any CPU
		{E00AEE2A-4B63-4EE9-903A-B54F54B6D960}.Release|Any CPU.ActiveCfg = Release|Any CPU
		{E00AEE2A-4B63-4EE9-903A-B54F54B6D960}.Release|Any CPU.Build.0 = Release|Any CPU
		{A2774674-4BA9-4E87-BF5C-0618DC6C0A0E}.Debug|Any CPU.ActiveCfg = Debug|Any CPU
		{A2774674-4BA9-4E87-BF5C-0618DC6C0A0E}.Debug|Any CPU.Build.0 = Debug|Any CPU
		{A2774674-4BA9-4E87-BF5C-0618DC6C0A0E}.Release|Any CPU.ActiveCfg = Release|Any CPU
		{A2774674-4BA9-4E87-BF5C-0618DC6C0A0E}.Release|Any CPU.Build.0 = Release|Any CPU
	EndGlobalSection
	GlobalSection(SolutionProperties) = preSolution
		HideSolutionNode = FALSE
	EndGlobalSection
	GlobalSection(ExtensibilityGlobals) = postSolution
		SolutionGuid = {32B8191F-5954-45E4-B254-D3F09F8F1564}
	EndGlobalSection
EndGlobal
